
Microsoft Visual Studio Solution File, Format Version 12.00
# Visual Studio Version 16
VisualStudioVersion = 16.0.30907.101
MinimumVisualStudioVersion = 10.0.40219.1
Project("{FAE04EC0-301F-11D3-BF4B-00C04F79EFBC}") = "OperationLibrary", "OperationLibrary\OperationLibrary.csproj", "{AC9F03F1-E3C2-493D-8645-E31461AC76B1}"
EndProject
Project("{FAE04EC0-301F-11D3-BF4B-00C04F79EFBC}") = "OperationTests", "OperationTests\OperationTests.csproj", "{3C080AB5-2691-45AF-BA6B-B8898636509A}"
EndProject
Global
	GlobalSection(SolutionConfigurationPlatforms) = preSolution
		Debug|Any CPU = Debug|Any CPU
		Release|Any CPU = Release|Any CPU
	EndGlobalSection
	GlobalSection(ProjectConfigurationPlatforms) = postSolution
		{AC9F03F1-E3C2-493D-8645-E31461AC76B1}.Debug|Any CPU.ActiveCfg = Debug|Any CPU
		{AC9F03F1-E3C2-493D-8645-E31461AC76B1}.Debug|Any CPU.Build.0 = Debug|Any CPU
		{AC9F03F1-E3C2-493D-8645-E31461AC76B1}.Release|Any CPU.ActiveCfg = Release|Any CPU
		{AC9F03F1-E3C2-493D-8645-E31461AC76B1}.Release|Any CPU.Build.0 = Release|Any CPU
		{3C080AB5-2691-45AF-BA6B-B8898636509A}.Debug|Any CPU.ActiveCfg = Debug|Any CPU
		{3C080AB5-2691-45AF-BA6B-B8898636509A}.Debug|Any CPU.Build.0 = Debug|Any CPU
		{3C080AB5-2691-45AF-BA6B-B8898636509A}.Release|Any CPU.ActiveCfg = Release|Any CPU
		{3C080AB5-2691-45AF-BA6B-B8898636509A}.Release|Any CPU.Build.0 = Release|Any CPU
	EndGlobalSection
	GlobalSection(SolutionProperties) = preSolution
		HideSolutionNode = FALSE
	EndGlobalSection
	GlobalSection(ExtensibilityGlobals) = postSolution
		SolutionGuid = {584F0628-E7CF-49FF-B1C6-FD4CB93227B4}
	EndGlobalSection
EndGlobal
